{
  "requires": true,
  "lockfileVersion": 1,
  "dependencies": {
    "cordova-plugin-internet-status": {
      "version": "1.0.1",
      "resolved": "https://registry.npmjs.org/cordova-plugin-internet-status/-/cordova-plugin-internet-status-1.0.1.tgz",
      "integrity": "sha512-ONoHNkfZmerwFJmS6roTstTwxlrAmIWrbucWGtcpUboZpVo9BBqZNUIL+vMfW9aPhqmyhDfQ7oCo/pfGTPPYcA=="
    }
  }
}
